<?xml version="1.0" encoding="utf-8"?>
<Project ToolsVersion="4.0" xmlns="http://schemas.microsoft.com/developer/msbuild/2003">
  <ItemGroup>
    <Filter Include="include">
      <UniqueIdentifier>{89AF369E-F58E-B539-FEA6-40106A051C9B}</UniqueIdentifier>
    </Filter>
    <Filter Include="include\nana">
      <UniqueIdentifier>{B649DF69-A2AC-6E0E-4B32-A7C437743A91}</UniqueIdentifier>
    </Filter>
    <Filter Include="include\nana\audio">
      <UniqueIdentifier>{57D8189F-43BC-D9F4-AC1C-D447981FC476}</UniqueIdentifier>
    </Filter>
    <Filter Include="include\nana\audio\detail">
      <UniqueIdentifier>{3928AF9C-A5EA-E226-EE9A-71B35A9CBB04}</UniqueIdentifier>
    </Filter>
    <Filter Include="include\nana\filesystem">
      <UniqueIdentifier>{4A26F951-B65D-41E9-BF67-A50C2B1E68E2}</UniqueIdentifier>
    </Filter>
    <Filter Include="include\nana\gui">
      <UniqueIdentifier>{2AC05477-16B9-73C9-3FEB-584E2B4353D5}</UniqueIdentifier>
    </Filter>
    <Filter Include="include\nana\gui\detail">
      <UniqueIdentifier>{ACA4E3A5-18DC-2B3D-21E6-8F608D9C5236}</UniqueIdentifier>
    </Filter>
    <Filter Include="include\nana\gui\widgets">
      <UniqueIdentifier>{B0112121-9C36-70A1-C581-5531B1056FBF}</UniqueIdentifier>
    </Filter>
    <Filter Include="include\nana\gui\widgets\detail">
      <UniqueIdentifier>{72430051-DE26-0F91-E729-3DCD538CD5E1}</UniqueIdentifier>
    </Filter>
    <Filter Include="include\nana\gui\widgets\skeletons">
      <UniqueIdentifier>{F7998EC9-E3D5-9133-4CE8-A92A38433A4E}</UniqueIdentifier>
    </Filter>
    <Filter Include="include\nana\paint">
      <UniqueIdentifier>{41661DA0-2D4A-DEF5-96AA-D84882ADC877}</UniqueIdentifier>
    </Filter>
    <Filter Include="include\nana\paint\detail">
      <UniqueIdentifier>{E3AA9F07-4F6D-D391-981D-621E041FAC6F}</UniqueIdentifier>
    </Filter>
    <Filter Include="include\nana\pat">
      <UniqueIdentifier>{EAE35477-D6DC-73C9-FF0E-594EEB6653D5}</UniqueIdentifier>
    </Filter>
    <Filter Include="include\nana\system">
      <UniqueIdentifier>{2A8881AC-96E9-5EBA-1F57-A56C8BB79579}</UniqueIdentifier>
    </Filter>
    <Filter Include="include\nana\threads">
      <UniqueIdentifier>{90B3EA61-7C42-742B-2561-882611CF84D1}</UniqueIdentifier>
    </Filter>
    <Filter Include="source">
      <UniqueIdentifier>{76FF3A1C-62A1-65F2-4B5C-7946379DEC42}</UniqueIdentifier>
    </Filter>
    <Filter Include="source\audio">
      <UniqueIdentifier>{17DE5512-0341-E5B6-ACC6-1D6D9808B139}</UniqueIdentifier>
    </Filter>
    <Filter Include="source\audio\detail">
      <UniqueIdentifier>{F935D4E3-6597-B1F1-EE04-F8A35A65E8B0}</UniqueIdentifier>
    </Filter>
    <Filter Include="source\detail">
      <UniqueIdentifier>{7836F862-E4F6-7399-AD31-BD1619B1B875}</UniqueIdentifier>
    </Filter>
    <Filter Include="source\detail\posix">
      <UniqueIdentifier>{BA33E110-2695-BE1E-AF02-05D11B63F5DD}</UniqueIdentifier>
    </Filter>
    <Filter Include="source\filesystem">
      <UniqueIdentifier>{0AC4FFBC-76DA-FD52-BF51-89742BA7CEDA}</UniqueIdentifier>
    </Filter>
    <Filter Include="source\gui">
      <UniqueIdentifier>{EA5515B8-D60D-5705-3F15-30612BECF1F5}</UniqueIdentifier>
    </Filter>
    <Filter Include="source\gui\detail">
      <UniqueIdentifier>{6C42EA10-D858-E8A6-21D0-73C88D25B92E}</UniqueIdentifier>
    </Filter>
    <Filter Include="source\gui\widgets">
      <UniqueIdentifier>{7067FBEC-5C4B-BC42-C5AB-B695B1AEA6C4}</UniqueIdentifier>
    </Filter>
    <Filter Include="source\gui\widgets\skeletons">
      <UniqueIdentifier>{B71F9F7B-A3DA-8E27-4C92-0772382CD9B7}</UniqueIdentifier>
    </Filter>
    <Filter Include="source\paint">
      <UniqueIdentifier>{016C5A13-EDCE-E9B7-9654-226E8296B53A}</UniqueIdentifier>
    </Filter>
    <Filter Include="source\paint\detail">
      <UniqueIdentifier>{A3B8C44E-0F1A-A25C-9887-E80E04E8D81B}</UniqueIdentifier>
    </Filter>
    <Filter Include="source\system">
      <UniqueIdentifier>{EA455F87-5606-DBBD-1F41-243B8BC01F9A}</UniqueIdentifier>
    </Filter>
    <Filter Include="source\threads">
      <UniqueIdentifier>{50298098-3CF7-739E-258B-E4C411F84F03}</UniqueIdentifier>
    </Filter>
  </ItemGroup>
  <ItemGroup>
    <ClInclude Include="include\nana\audio\detail\audio_device.hpp">
      <Filter>include\nana\audio\detail</Filter>
    </ClInclude>
    <ClInclude Include="include\nana\audio\detail\audio_stream.hpp">
      <Filter>include\nana\audio\detail</Filter>
    </ClInclude>
    <ClInclude Include="include\nana\audio\detail\buffer_preparation.hpp">
      <Filter>include\nana\audio\detail</Filter>
    </ClInclude>
    <ClInclude Include="include\nana\audio\player.hpp">
      <Filter>include\nana\audio</Filter>
    </ClInclude>
    <ClInclude Include="include\nana\basic_types.hpp">
      <Filter>include\nana</Filter>
    </ClInclude>
    <ClInclude Include="include\nana\c++defines.hpp">
      <Filter>include\nana</Filter>
    </ClInclude>
    <ClInclude Include="include\nana\charset.hpp">
      <Filter>include\nana</Filter>
    </ClInclude>
    <ClInclude Include="include\nana\concepts.hpp">
      <Filter>include\nana</Filter>
    </ClInclude>
    <ClInclude Include="include\nana\config.hpp">
      <Filter>include\nana</Filter>
    </ClInclude>
    <ClInclude Include="include\nana\datetime.hpp">
      <Filter>include\nana</Filter>
    </ClInclude>
    <ClInclude Include="include\nana\debugger.hpp">
      <Filter>include\nana</Filter>
    </ClInclude>
    <ClInclude Include="include\nana\deploy.hpp">
      <Filter>include\nana</Filter>
    </ClInclude>
    <ClInclude Include="include\nana\filesystem\filesystem_ext.hpp">
      <Filter>include\nana\filesystem</Filter>
    </ClInclude>
    <ClInclude Include="include\nana\fwd.hpp">
      <Filter>include\nana</Filter>
    </ClInclude>
    <ClInclude Include="include\nana\gui.hpp">
      <Filter>include\nana</Filter>
    </ClInclude>
    <ClInclude Include="include\nana\gui\animation.hpp">
      <Filter>include\nana\gui</Filter>
    </ClInclude>
    <ClInclude Include="include\nana\gui\basis.hpp">
      <Filter>include\nana\gui</Filter>
    </ClInclude>
    <ClInclude Include="include\nana\gui\compact.hpp">
      <Filter>include\nana\gui</Filter>
    </ClInclude>
    <ClInclude Include="include\nana\gui\detail\bedrock.hpp">
      <Filter>include\nana\gui\detail</Filter>
    </ClInclude>
    <ClInclude Include="include\nana\gui\detail\color_schemes.hpp">
      <Filter>include\nana\gui\detail</Filter>
    </ClInclude>
    <ClInclude Include="include\nana\gui\detail\drawer.hpp">
      <Filter>include\nana\gui\detail</Filter>
    </ClInclude>
    <ClInclude Include="include\nana\gui\detail\element_store.hpp">
      <Filter>include\nana\gui\detail</Filter>
    </ClInclude>
    <ClInclude Include="include\nana\gui\detail\event_code.hpp">
      <Filter>include\nana\gui\detail</Filter>
    </ClInclude>
    <ClInclude Include="include\nana\gui\detail\events_holder.hpp">
      <Filter>include\nana\gui\detail</Filter>
    </ClInclude>
    <ClInclude Include="include\nana\gui\detail\events_operation.hpp">
      <Filter>include\nana\gui\detail</Filter>
    </ClInclude>
    <ClInclude Include="include\nana\gui\detail\general_events.hpp">
      <Filter>include\nana\gui\detail</Filter>
    </ClInclude>
    <ClInclude Include="include\nana\gui\detail\inner_fwd.hpp">
      <Filter>include\nana\gui\detail</Filter>
    </ClInclude>
    <ClInclude Include="include\nana\gui\detail\internal_scope_guard.hpp">
      <Filter>include\nana\gui\detail</Filter>
    </ClInclude>
    <ClInclude Include="include\nana\gui\detail\native_window_interface.hpp">
      <Filter>include\nana\gui\detail</Filter>
    </ClInclude>
    <ClInclude Include="include\nana\gui\detail\widget_content_measurer_interface.hpp">
      <Filter>include\nana\gui\detail</Filter>
    </ClInclude>
    <ClInclude Include="include\nana\gui\detail\widget_geometrics.hpp">
      <Filter>include\nana\gui\detail</Filter>
    </ClInclude>
    <ClInclude Include="include\nana\gui\detail\widget_notifier_interface.hpp">
      <Filter>include\nana\gui\detail</Filter>
    </ClInclude>
    <ClInclude Include="include\nana\gui\detail\window_layout.hpp">
      <Filter>include\nana\gui\detail</Filter>
    </ClInclude>
    <ClInclude Include="include\nana\gui\detail\window_manager.hpp">
      <Filter>include\nana\gui\detail</Filter>
    </ClInclude>
    <ClInclude Include="include\nana\gui\dragdrop.hpp">
      <Filter>include\nana\gui</Filter>
    </ClInclude>
    <ClInclude Include="include\nana\gui\dragger.hpp">
      <Filter>include\nana\gui</Filter>
    </ClInclude>
    <ClInclude Include="include\nana\gui\drawing.hpp">
      <Filter>include\nana\gui</Filter>
    </ClInclude>
    <ClInclude Include="include\nana\gui\effects.hpp">
      <Filter>include\nana\gui</Filter>
    </ClInclude>
    <ClInclude Include="include\nana\gui\element.hpp">
      <Filter>include\nana\gui</Filter>
    </ClInclude>
    <ClInclude Include="include\nana\gui\filebox.hpp">
      <Filter>include\nana\gui</Filter>
    </ClInclude>
    <ClInclude Include="include\nana\gui\layout_utility.hpp">
      <Filter>include\nana\gui</Filter>
    </ClInclude>
    <ClInclude Include="include\nana\gui\msgbox.hpp">
      <Filter>include\nana\gui</Filter>
    </ClInclude>
    <ClInclude Include="include\nana\gui\notifier.hpp">
      <Filter>include\nana\gui</Filter>
    </ClInclude>
    <ClInclude Include="include\nana\gui\place.hpp">
      <Filter>include\nana\gui</Filter>
    </ClInclude>
    <ClInclude Include="include\nana\gui\programming_interface.hpp">
      <Filter>include\nana\gui</Filter>
    </ClInclude>
    <ClInclude Include="include\nana\gui\screen.hpp">
      <Filter>include\nana\gui</Filter>
    </ClInclude>
    <ClInclude Include="include\nana\gui\state_cursor.hpp">
      <Filter>include\nana\gui</Filter>
    </ClInclude>
    <ClInclude Include="include\nana\gui\timer.hpp">
      <Filter>include\nana\gui</Filter>
    </ClInclude>
    <ClInclude Include="include\nana\gui\tooltip.hpp">
      <Filter>include\nana\gui</Filter>
    </ClInclude>
    <ClInclude Include="include\nana\gui\widgets\button.hpp">
      <Filter>include\nana\gui\widgets</Filter>
    </ClInclude>
    <ClInclude Include="include\nana\gui\widgets\categorize.hpp">
      <Filter>include\nana\gui\widgets</Filter>
    </ClInclude>
    <ClInclude Include="include\nana\gui\widgets\checkbox.hpp">
      <Filter>include\nana\gui\widgets</Filter>
    </ClInclude>
    <ClInclude Include="include\nana\gui\widgets\combox.hpp">
      <Filter>include\nana\gui\widgets</Filter>
    </ClInclude>
    <ClInclude Include="include\nana\gui\widgets\date_chooser.hpp">
      <Filter>include\nana\gui\widgets</Filter>
    </ClInclude>
    <ClInclude Include="include\nana\gui\widgets\detail\compset.hpp">
      <Filter>include\nana\gui\widgets\detail</Filter>
    </ClInclude>
    <ClInclude Include="include\nana\gui\widgets\detail\inline_widget.hpp">
      <Filter>include\nana\gui\widgets\detail</Filter>
    </ClInclude>
    <ClInclude Include="include\nana\gui\widgets\detail\inline_widget_manager.hpp">
      <Filter>include\nana\gui\widgets\detail</Filter>
    </ClInclude>
    <ClInclude Include="include\nana\gui\widgets\detail\tree_cont.hpp">
      <Filter>include\nana\gui\widgets\detail</Filter>
    </ClInclude>
    <ClInclude Include="include\nana\gui\widgets\detail\widget_iterator.hpp">
      <Filter>include\nana\gui\widgets\detail</Filter>
    </ClInclude>
    <ClInclude Include="include\nana\gui\widgets\float_listbox.hpp">
      <Filter>include\nana\gui\widgets</Filter>
    </ClInclude>
    <ClInclude Include="include\nana\gui\widgets\form.hpp">
      <Filter>include\nana\gui\widgets</Filter>
    </ClInclude>
    <ClInclude Include="include\nana\gui\widgets\group.hpp">
      <Filter>include\nana\gui\widgets</Filter>
    </ClInclude>
    <ClInclude Include="include\nana\gui\widgets\label.hpp">
      <Filter>include\nana\gui\widgets</Filter>
    </ClInclude>
    <ClInclude Include="include\nana\gui\widgets\listbox.hpp">
      <Filter>include\nana\gui\widgets</Filter>
    </ClInclude>
    <ClInclude Include="include\nana\gui\widgets\menu.hpp">
      <Filter>include\nana\gui\widgets</Filter>
    </ClInclude>
    <ClInclude Include="include\nana\gui\widgets\menubar.hpp">
      <Filter>include\nana\gui\widgets</Filter>
    </ClInclude>
    <ClInclude Include="include\nana\gui\widgets\panel.hpp">
      <Filter>include\nana\gui\widgets</Filter>
    </ClInclude>
    <ClInclude Include="include\nana\gui\widgets\picture.hpp">
      <Filter>include\nana\gui\widgets</Filter>
    </ClInclude>
    <ClInclude Include="include\nana\gui\widgets\progress.hpp">
      <Filter>include\nana\gui\widgets</Filter>
    </ClInclude>
    <ClInclude Include="include\nana\gui\widgets\scroll.hpp">
      <Filter>include\nana\gui\widgets</Filter>
    </ClInclude>
    <ClInclude Include="include\nana\gui\widgets\skeletons\text_editor.hpp">
      <Filter>include\nana\gui\widgets\skeletons</Filter>
    </ClInclude>
    <ClInclude Include="include\nana\gui\widgets\skeletons\text_editor_part.hpp">
      <Filter>include\nana\gui\widgets\skeletons</Filter>
    </ClInclude>
    <ClInclude Include="include\nana\gui\widgets\skeletons\text_token_stream.hpp">
      <Filter>include\nana\gui\widgets\skeletons</Filter>
    </ClInclude>
    <ClInclude Include="include\nana\gui\widgets\skeletons\textbase.hpp">
      <Filter>include\nana\gui\widgets\skeletons</Filter>
    </ClInclude>
    <ClInclude Include="include\nana\gui\widgets\skeletons\textbase_export_interface.hpp">
      <Filter>include\nana\gui\widgets\skeletons</Filter>
    </ClInclude>
    <ClInclude Include="include\nana\gui\widgets\slider.hpp">
      <Filter>include\nana\gui\widgets</Filter>
    </ClInclude>
    <ClInclude Include="include\nana\gui\widgets\spinbox.hpp">
      <Filter>include\nana\gui\widgets</Filter>
    </ClInclude>
    <ClInclude Include="include\nana\gui\widgets\tabbar.hpp">
      <Filter>include\nana\gui\widgets</Filter>
    </ClInclude>
    <ClInclude Include="include\nana\gui\widgets\textbox.hpp">
      <Filter>include\nana\gui\widgets</Filter>
    </ClInclude>
    <ClInclude Include="include\nana\gui\widgets\toolbar.hpp">
      <Filter>include\nana\gui\widgets</Filter>
    </ClInclude>
    <ClInclude Include="include\nana\gui\widgets\treebox.hpp">
      <Filter>include\nana\gui\widgets</Filter>
    </ClInclude>
    <ClInclude Include="include\nana\gui\widgets\widget.hpp">
      <Filter>include\nana\gui\widgets</Filter>
    </ClInclude>
    <ClInclude Include="include\nana\internationalization.hpp">
      <Filter>include\nana</Filter>
    </ClInclude>
    <ClInclude Include="include\nana\key_type.hpp">
      <Filter>include\nana</Filter>
    </ClInclude>
    <ClInclude Include="include\nana\paint\detail\image_impl_interface.hpp">
      <Filter>include\nana\paint\detail</Filter>
    </ClInclude>
    <ClInclude Include="include\nana\paint\detail\image_process_provider.hpp">
      <Filter>include\nana\paint\detail</Filter>
    </ClInclude>
    <ClInclude Include="include\nana\paint\detail\native_paint_interface.hpp">
      <Filter>include\nana\paint\detail</Filter>
    </ClInclude>
    <ClInclude Include="include\nana\paint\detail\ptdefs.hpp">
      <Filter>include\nana\paint\detail</Filter>
    </ClInclude>
    <ClInclude Include="include\nana\paint\graphics.hpp">
      <Filter>include\nana\paint</Filter>
    </ClInclude>
    <ClInclude Include="include\nana\paint\image.hpp">
      <Filter>include\nana\paint</Filter>
    </ClInclude>
    <ClInclude Include="include\nana\paint\image_process_interface.hpp">
      <Filter>include\nana\paint</Filter>
    </ClInclude>
    <ClInclude Include="include\nana\paint\image_process_selector.hpp">
      <Filter>include\nana\paint</Filter>
    </ClInclude>
    <ClInclude Include="include\nana\paint\pixel_buffer.hpp">
      <Filter>include\nana\paint</Filter>
    </ClInclude>
    <ClInclude Include="include\nana\paint\text_renderer.hpp">
      <Filter>include\nana\paint</Filter>
    </ClInclude>
    <ClInclude Include="include\nana\pat\abstract_factory.hpp">
      <Filter>include\nana\pat</Filter>
    </ClInclude>
    <ClInclude Include="include\nana\pat\cloneable.hpp">
      <Filter>include\nana\pat</Filter>
    </ClInclude>
    <ClInclude Include="include\nana\system\dataexch.hpp">
      <Filter>include\nana\system</Filter>
    </ClInclude>
    <ClInclude Include="include\nana\system\platform.hpp">
      <Filter>include\nana\system</Filter>
    </ClInclude>
    <ClInclude Include="include\nana\system\shared_wrapper.hpp">
      <Filter>include\nana\system</Filter>
    </ClInclude>
    <ClInclude Include="include\nana\system\timepiece.hpp">
      <Filter>include\nana\system</Filter>
    </ClInclude>
    <ClInclude Include="include\nana\threads\pool.hpp">
      <Filter>include\nana\threads</Filter>
    </ClInclude>
    <ClInclude Include="include\nana\traits.hpp">
      <Filter>include\nana</Filter>
    </ClInclude>
    <ClInclude Include="include\nana\unicode_bidi.hpp">
      <Filter>include\nana</Filter>
    </ClInclude>
    <ClInclude Include="include\nana\verbose_preprocessor.hpp">
      <Filter>include\nana</Filter>
    </ClInclude>
  </ItemGroup>
  <ItemGroup>
    <ClCompile Include="source\audio\detail\audio_device.cpp">
      <Filter>source\audio\detail</Filter>
    </ClCompile>
    <ClCompile Include="source\audio\detail\audio_stream.cpp">
      <Filter>source\audio\detail</Filter>
    </ClCompile>
    <ClCompile Include="source\audio\detail\buffer_preparation.cpp">
      <Filter>source\audio\detail</Filter>
    </ClCompile>
    <ClCompile Include="source\audio\player.cpp">
      <Filter>source\audio</Filter>
    </ClCompile>
    <ClCompile Include="source\basic_types.cpp">
      <Filter>source</Filter>
    </ClCompile>
    <ClCompile Include="source\charset.cpp">
      <Filter>source</Filter>
    </ClCompile>
    <ClCompile Include="source\datetime.cpp">
      <Filter>source</Filter>
    </ClCompile>
    <ClCompile Include="source\debugger.cpp">
      <Filter>source</Filter>
    </ClCompile>
    <ClCompile Include="source\deploy.cpp">
      <Filter>source</Filter>
    </ClCompile>
    <ClCompile Include="source\detail\platform_abstraction.cpp">
      <Filter>source\detail</Filter>
    </ClCompile>
    <ClCompile Include="source\detail\platform_spec_posix.cpp">
      <Filter>source\detail</Filter>
    </ClCompile>
    <ClCompile Include="source\detail\platform_spec_windows.cpp">
      <Filter>source\detail</Filter>
    </ClCompile>
    <ClCompile Include="source\detail\posix\theme.cpp">
      <Filter>source\detail\posix</Filter>
    </ClCompile>
    <ClCompile Include="source\filesystem\filesystem.cpp">
      <Filter>source\filesystem</Filter>
    </ClCompile>
    <ClCompile Include="source\gui\animation.cpp">
      <Filter>source\gui</Filter>
    </ClCompile>
    <ClCompile Include="source\gui\basis.cpp">
      <Filter>source\gui</Filter>
    </ClCompile>
    <ClCompile Include="source\gui\detail\basic_window.cpp">
      <Filter>source\gui\detail</Filter>
    </ClCompile>
    <ClCompile Include="source\gui\detail\bedrock_pi.cpp">
      <Filter>source\gui\detail</Filter>
    </ClCompile>
    <ClCompile Include="source\gui\detail\bedrock_posix.cpp">
      <Filter>source\gui\detail</Filter>
    </ClCompile>
    <ClCompile Include="source\gui\detail\bedrock_windows.cpp">
      <Filter>source\gui\detail</Filter>
    </ClCompile>
    <ClCompile Include="source\gui\detail\color_schemes.cpp">
      <Filter>source\gui\detail</Filter>
    </ClCompile>
    <ClCompile Include="source\gui\detail\drawer.cpp">
      <Filter>source\gui\detail</Filter>
    </ClCompile>
    <ClCompile Include="source\gui\detail\element_store.cpp">
      <Filter>source\gui\detail</Filter>
    </ClCompile>
    <ClCompile Include="source\gui\detail\events_operation.cpp">
      <Filter>source\gui\detail</Filter>
    </ClCompile>
    <ClCompile Include="source\gui\detail\native_window_interface.cpp">
      <Filter>source\gui\detail</Filter>
    </ClCompile>
    <ClCompile Include="source\gui\detail\window_layout.cpp">
      <Filter>source\gui\detail</Filter>
    </ClCompile>
    <ClCompile Include="source\gui\detail\window_manager.cpp">
      <Filter>source\gui\detail</Filter>
    </ClCompile>
    <ClCompile Include="source\gui\dragdrop.cpp">
      <Filter>source\gui</Filter>
    </ClCompile>
    <ClCompile Include="source\gui\dragger.cpp">
      <Filter>source\gui</Filter>
    </ClCompile>
    <ClCompile Include="source\gui\drawing.cpp">
      <Filter>source\gui</Filter>
    </ClCompile>
    <ClCompile Include="source\gui\effects.cpp">
      <Filter>source\gui</Filter>
    </ClCompile>
    <ClCompile Include="source\gui\element.cpp">
      <Filter>source\gui</Filter>
    </ClCompile>
    <ClCompile Include="source\gui\filebox.cpp">
      <Filter>source\gui</Filter>
    </ClCompile>
    <ClCompile Include="source\gui\layout_utility.cpp">
      <Filter>source\gui</Filter>
    </ClCompile>
    <ClCompile Include="source\gui\msgbox.cpp">
      <Filter>source\gui</Filter>
    </ClCompile>
    <ClCompile Include="source\gui\notifier.cpp">
      <Filter>source\gui</Filter>
    </ClCompile>
    <ClCompile Include="source\gui\place.cpp">
      <Filter>source\gui</Filter>
    </ClCompile>
    <ClCompile Include="source\gui\programming_interface.cpp">
      <Filter>source\gui</Filter>
    </ClCompile>
    <ClCompile Include="source\gui\screen.cpp">
      <Filter>source\gui</Filter>
    </ClCompile>
    <ClCompile Include="source\gui\state_cursor.cpp">
      <Filter>source\gui</Filter>
    </ClCompile>
    <ClCompile Include="source\gui\timer.cpp">
      <Filter>source\gui</Filter>
    </ClCompile>
    <ClCompile Include="source\gui\tooltip.cpp">
      <Filter>source\gui</Filter>
    </ClCompile>
    <ClCompile Include="source\gui\widgets\button.cpp">
      <Filter>source\gui\widgets</Filter>
    </ClCompile>
    <ClCompile Include="source\gui\widgets\categorize.cpp">
      <Filter>source\gui\widgets</Filter>
    </ClCompile>
    <ClCompile Include="source\gui\widgets\checkbox.cpp">
      <Filter>source\gui\widgets</Filter>
    </ClCompile>
    <ClCompile Include="source\gui\widgets\combox.cpp">
      <Filter>source\gui\widgets</Filter>
    </ClCompile>
    <ClCompile Include="source\gui\widgets\date_chooser.cpp">
      <Filter>source\gui\widgets</Filter>
    </ClCompile>
    <ClCompile Include="source\gui\widgets\float_listbox.cpp">
      <Filter>source\gui\widgets</Filter>
    </ClCompile>
    <ClCompile Include="source\gui\widgets\form.cpp">
      <Filter>source\gui\widgets</Filter>
    </ClCompile>
    <ClCompile Include="source\gui\widgets\group.cpp">
      <Filter>source\gui\widgets</Filter>
    </ClCompile>
    <ClCompile Include="source\gui\widgets\label.cpp">
      <Filter>source\gui\widgets</Filter>
    </ClCompile>
    <ClCompile Include="source\gui\widgets\listbox.cpp">
      <Filter>source\gui\widgets</Filter>
    </ClCompile>
    <ClCompile Include="source\gui\widgets\menu.cpp">
      <Filter>source\gui\widgets</Filter>
    </ClCompile>
    <ClCompile Include="source\gui\widgets\menubar.cpp">
      <Filter>source\gui\widgets</Filter>
    </ClCompile>
    <ClCompile Include="source\gui\widgets\panel.cpp">
      <Filter>source\gui\widgets</Filter>
    </ClCompile>
    <ClCompile Include="source\gui\widgets\picture.cpp">
      <Filter>source\gui\widgets</Filter>
    </ClCompile>
    <ClCompile Include="source\gui\widgets\progress.cpp">
      <Filter>source\gui\widgets</Filter>
    </ClCompile>
    <ClCompile Include="source\gui\widgets\scroll.cpp">
      <Filter>source\gui\widgets</Filter>
    </ClCompile>
    <ClCompile Include="source\gui\widgets\skeletons\content_view.cpp">
      <Filter>source\gui\widgets\skeletons</Filter>
    </ClCompile>
    <ClCompile Include="source\gui\widgets\skeletons\text_editor.cpp">
      <Filter>source\gui\widgets\skeletons</Filter>
    </ClCompile>
    <ClCompile Include="source\gui\widgets\slider.cpp">
      <Filter>source\gui\widgets</Filter>
    </ClCompile>
    <ClCompile Include="source\gui\widgets\spinbox.cpp">
      <Filter>source\gui\widgets</Filter>
    </ClCompile>
    <ClCompile Include="source\gui\widgets\tabbar.cpp">
      <Filter>source\gui\widgets</Filter>
    </ClCompile>
    <ClCompile Include="source\gui\widgets\textbox.cpp">
      <Filter>source\gui\widgets</Filter>
    </ClCompile>
    <ClCompile Include="source\gui\widgets\toolbar.cpp">
      <Filter>source\gui\widgets</Filter>
    </ClCompile>
    <ClCompile Include="source\gui\widgets\treebox.cpp">
      <Filter>source\gui\widgets</Filter>
    </ClCompile>
    <ClCompile Include="source\gui\widgets\widget.cpp">
      <Filter>source\gui\widgets</Filter>
    </ClCompile>
    <ClCompile Include="source\gui\wvl.cpp">
      <Filter>source\gui</Filter>
    </ClCompile>
    <ClCompile Include="source\internationalization.cpp">
      <Filter>source</Filter>
    </ClCompile>
    <ClCompile Include="source\paint\detail\image_process_provider.cpp">
      <Filter>source\paint\detail</Filter>
    </ClCompile>
    <ClCompile Include="source\paint\detail\native_paint_interface.cpp">
      <Filter>source\paint\detail</Filter>
    </ClCompile>
    <ClCompile Include="source\paint\graphics.cpp">
      <Filter>source\paint</Filter>
    </ClCompile>
    <ClCompile Include="source\paint\image.cpp">
      <Filter>source\paint</Filter>
    </ClCompile>
    <ClCompile Include="source\paint\image_process_selector.cpp">
      <Filter>source\paint</Filter>
    </ClCompile>
    <ClCompile Include="source\paint\pixel_buffer.cpp">
      <Filter>source\paint</Filter>
    </ClCompile>
    <ClCompile Include="source\paint\text_renderer.cpp">
      <Filter>source\paint</Filter>
    </ClCompile>
    <ClCompile Include="source\system\dataexch.cpp">
      <Filter>source\system</Filter>
    </ClCompile>
    <ClCompile Include="source\system\platform.cpp">
      <Filter>source\system</Filter>
    </ClCompile>
    <ClCompile Include="source\system\shared_wrapper.cpp">
      <Filter>source\system</Filter>
    </ClCompile>
    <ClCompile Include="source\system\split_string.cpp">
      <Filter>source\system</Filter>
    </ClCompile>
    <ClCompile Include="source\system\timepiece.cpp">
      <Filter>source\system</Filter>
    </ClCompile>
    <ClCompile Include="source\threads\pool.cpp">
      <Filter>source\threads</Filter>
    </ClCompile>
    <ClCompile Include="source\unicode_bidi.cpp">
      <Filter>source</Filter>
    </ClCompile>
  </ItemGroup>
</Project>